<?xml version="1.0" encoding="utf-8"?>
<Project ToolsVersion="4.0" xmlns="http://schemas.microsoft.com/developer/msbuild/2003">
  <ItemGroup>
    <Filter Include="Source Files">
      <UniqueIdentifier>{4FC737F1-C7A5-4376-A066-2A32D752A2FF}</UniqueIdentifier>
      <Extensions>cpp;c;cc;cxx;c++;cppm;ixx;def;odl;idl;hpj;bat;asm;asmx</Extensions>
    </Filter>
    <Filter Include="Header Files">
      <UniqueIdentifier>{93995380-89BD-4b04-88EB-625FBE52EBFB}</UniqueIdentifier>
      <Extensions>h;hh;hpp;hxx;h++;hm;inl;inc;ipp;xsd</Extensions>
    </Filter>
    <Filter Include="Resource Files">
      <UniqueIdentifier>{67DA6AB6-F800-4c08-8B7A-83BB121AAD01}</UniqueIdentifier>
      <Extensions>rc;ico;cur;bmp;dlg;rc2;rct;bin;rgs;gif;jpg;jpeg;jpe;resx;tiff;tif;png;wav;mfcribbon-ms</Extensions>
    </Filter>
    <Filter Include="Gen">
      <UniqueIdentifier>{26c7beb5-4d54-4eb9-a567-743aff5d30a8}</UniqueIdentifier>
    </Filter>
  </ItemGroup>
  <ItemGroup>
    <ClCompile Include="src\main.cpp">
      <Filter>Source Files</Filter>
    </ClCompile>
    <ClCompile Include="src\SerializePropertyRule.cpp">
      <Filter>Source Files</Filter>
    </ClCompile>
    <ClCompile Include="src\InspectPropertyRule.cpp">
      <Filter>Source Files</Filter>
    </ClCompile>
    <ClCompile Include="src\ComponentGenerator.cpp">
      <Filter>Source Files</Filter>
    </ClCompile>
    <ClCompile Include="src\GenerationUtilities.cpp">
      <Filter>Source Files</Filter>
    </ClCompile>
  </ItemGroup>
  <ItemGroup>
    <ClInclude Include="include\CustomFileParserFactory.hpp">
      <Filter>Header Files</Filter>
    </ClInclude>
    <ClInclude Include="include\SerializePropertyRule.h">
      <Filter>Header Files</Filter>
    </ClInclude>
    <ClInclude Include="include\InspectPropertyRule.h">
      <Filter>Header Files</Filter>
    </ClInclude>
    <ClInclude Include="..\engine\third_party\include\Refureku\Kodgen\CodeGen\DefaultGeneratedCodeTemplate.h">
      <Filter>Gen</Filter>
    </ClInclude>
    <ClInclude Include="..\engine\third_party\include\Refureku\Kodgen\CodeGen\FileGenerationError.h">
      <Filter>Gen</Filter>
    </ClInclude>
    <ClInclude Include="..\engine\third_party\include\Refureku\Kodgen\CodeGen\FileGenerationResult.h">
      <Filter>Gen</Filter>
    </ClInclude>
    <ClInclude Include="..\engine\third_party\include\Refureku\Kodgen\CodeGen\FileGenerationSettings.h">
      <Filter>Gen</Filter>
    </ClInclude>
    <ClInclude Include="..\engine\third_party\include\Refureku\Kodgen\CodeGen\FileGenerationUnit.h">
      <Filter>Gen</Filter>
    </ClInclude>
    <ClInclude Include="..\engine\third_party\include\Refureku\Kodgen\CodeGen\FileGenerator.h">
      <Filter>Gen</Filter>
    </ClInclude>
    <ClInclude Include="..\engine\third_party\include\Refureku\Kodgen\CodeGen\GeneratedCodeTemplate.h">
      <Filter>Gen</Filter>
    </ClInclude>
    <ClInclude Include="..\engine\third_party\include\Refureku\Kodgen\CodeGen\GeneratedFile.h">
      <Filter>Gen</Filter>
    </ClInclude>
    <ClInclude Include="..\engine\third_party\include\Refureku\Kodgen\Config.h">
      <Filter>Gen</Filter>
    </ClInclude>
    <ClInclude Include="..\engine\third_party\include\Refureku\Kodgen\InfoStructures\EEntityType.h">
      <Filter>Gen</Filter>
    </ClInclude>
    <ClInclude Include="..\engine\third_party\include\Refureku\Kodgen\InfoStructures\EntityInfo.h">
      <Filter>Gen</Filter>
    </ClInclude>
    <ClInclude Include="..\engine\third_party\include\Refureku\Kodgen\InfoStructures\EnumInfo.h">
      <Filter>Gen</Filter>
    </ClInclude>
    <ClInclude Include="..\engine\third_party\include\Refureku\Kodgen\InfoStructures\EnumValueInfo.h">
      <Filter>Gen</Filter>
    </ClInclude>
    <ClInclude Include="..\engine\third_party\include\Refureku\Kodgen\InfoStructures\FieldInfo.h">
      <Filter>Gen</Filter>
    </ClInclude>
    <ClInclude Include="..\engine\third_party\include\Refureku\Kodgen\InfoStructures\FunctionInfo.h">
      <Filter>Gen</Filter>
    </ClInclude>
    <ClInclude Include="..\engine\third_party\include\Refureku\Kodgen\InfoStructures\FunctionParamInfo.h">
      <Filter>Gen</Filter>
    </ClInclude>
    <ClInclude Include="..\engine\third_party\include\Refureku\Kodgen\InfoStructures\MethodInfo.h">
      <Filter>Gen</Filter>
    </ClInclude>
    <ClInclude Include="..\engine\third_party\include\Refureku\Kodgen\InfoStructures\NamespaceInfo.h">
      <Filter>Gen</Filter>
    </ClInclude>
    <ClInclude Include="..\engine\third_party\include\Refureku\Kodgen\InfoStructures\NestedEnumInfo.h">
      <Filter>Gen</Filter>
    </ClInclude>
    <ClInclude Include="..\engine\third_party\include\Refureku\Kodgen\InfoStructures\NestedStructClassInfo.h">
      <Filter>Gen</Filter>
    </ClInclude>
    <ClInclude Include="..\engine\third_party\include\Refureku\Kodgen\InfoStructures\StructClassInfo.h">
      <Filter>Gen</Filter>
    </ClInclude>
    <ClInclude Include="..\engine\third_party\include\Refureku\Kodgen\InfoStructures\TypeDescriptor.h">
      <Filter>Gen</Filter>
    </ClInclude>
    <ClInclude Include="..\engine\third_party\include\Refureku\Kodgen\InfoStructures\TypeInfo.h">
      <Filter>Gen</Filter>
    </ClInclude>
    <ClInclude Include="..\engine\third_party\include\Refureku\Kodgen\InfoStructures\VariableInfo.h">
      <Filter>Gen</Filter>
    </ClInclude>
    <ClInclude Include="..\engine\third_party\include\Refureku\Kodgen\Misc\CompilerHelpers.h">
      <Filter>Gen</Filter>
    </ClInclude>
    <ClInclude Include="..\engine\third_party\include\Refureku\Kodgen\Misc\DefaultLogger.h">
      <Filter>Gen</Filter>
    </ClInclude>
    <ClInclude Include="..\engine\third_party\include\Refureku\Kodgen\Misc\DisableWarningMacros.h">
      <Filter>Gen</Filter>
    </ClInclude>
    <ClInclude Include="..\engine\third_party\include\Refureku\Kodgen\Misc\EAccessSpecifier.h">
      <Filter>Gen</Filter>
    </ClInclude>
    <ClInclude Include="..\engine\third_party\include\Refureku\Kodgen\Misc\Filesystem.h">
      <Filter>Gen</Filter>
    </ClInclude>
    <ClInclude Include="..\engine\third_party\include\Refureku\Kodgen\Misc\FundamentalTypes.h">
      <Filter>Gen</Filter>
    </ClInclude>
    <ClInclude Include="..\engine\third_party\include\Refureku\Kodgen\Misc\Helpers.h">
      <Filter>Gen</Filter>
    </ClInclude>
    <ClInclude Include="..\engine\third_party\include\Refureku\Kodgen\Misc\ILogger.h">
      <Filter>Gen</Filter>
    </ClInclude>
    <ClInclude Include="..\engine\third_party\include\Refureku\Kodgen\Misc\Optional.h">
      <Filter>Gen</Filter>
    </ClInclude>
    <ClInclude Include="..\engine\third_party\include\Refureku\Kodgen\Misc\System.h">
      <Filter>Gen</Filter>
    </ClInclude>
    <ClInclude Include="..\engine\third_party\include\Refureku\Kodgen\Misc\Toml11.h">
      <Filter>Gen</Filter>
    </ClInclude>
    <ClInclude Include="..\engine\third_party\include\Refureku\Kodgen\Misc\TomlUtility.h">
      <Filter>Gen</Filter>
    </ClInclude>
    <ClInclude Include="..\engine\third_party\include\Refureku\Kodgen\Object.h">
      <Filter>Gen</Filter>
    </ClInclude>
    <ClInclude Include="..\engine\third_party\include\Refureku\Kodgen\Parsing\ClassParser.h">
      <Filter>Gen</Filter>
    </ClInclude>
    <ClInclude Include="..\engine\third_party\include\Refureku\Kodgen\Parsing\EntityParser.h">
      <Filter>Gen</Filter>
    </ClInclude>
    <ClInclude Include="..\engine\third_party\include\Refureku\Kodgen\Parsing\EnumParser.h">
      <Filter>Gen</Filter>
    </ClInclude>
    <ClInclude Include="..\engine\third_party\include\Refureku\Kodgen\Parsing\EnumValueParser.h">
      <Filter>Gen</Filter>
    </ClInclude>
    <ClInclude Include="..\engine\third_party\include\Refureku\Kodgen\Parsing\FieldParser.h">
      <Filter>Gen</Filter>
    </ClInclude>
    <ClInclude Include="..\engine\third_party\include\Refureku\Kodgen\Parsing\FileParser.h">
      <Filter>Gen</Filter>
    </ClInclude>
    <ClInclude Include="..\engine\third_party\include\Refureku\Kodgen\Parsing\FileParserFactory.h">
      <Filter>Gen</Filter>
    </ClInclude>
    <ClInclude Include="..\engine\third_party\include\Refureku\Kodgen\Parsing\FileParserFactoryBase.h">
      <Filter>Gen</Filter>
    </ClInclude>
    <ClInclude Include="..\engine\third_party\include\Refureku\Kodgen\Parsing\FunctionParser.h">
      <Filter>Gen</Filter>
    </ClInclude>
    <ClInclude Include="..\engine\third_party\include\Refureku\Kodgen\Parsing\MethodParser.h">
      <Filter>Gen</Filter>
    </ClInclude>
    <ClInclude Include="..\engine\third_party\include\Refureku\Kodgen\Parsing\NamespaceParser.h">
      <Filter>Gen</Filter>
    </ClInclude>
    <ClInclude Include="..\engine\third_party\include\Refureku\Kodgen\Parsing\ParsingContext.h">
      <Filter>Gen</Filter>
    </ClInclude>
    <ClInclude Include="..\engine\third_party\include\Refureku\Kodgen\Parsing\ParsingError.h">
      <Filter>Gen</Filter>
    </ClInclude>
    <ClInclude Include="..\engine\third_party\include\Refureku\Kodgen\Parsing\ParsingResults\ClassParsingResult.h">
      <Filter>Gen</Filter>
    </ClInclude>
    <ClInclude Include="..\engine\third_party\include\Refureku\Kodgen\Parsing\ParsingResults\EnumParsingResult.h">
      <Filter>Gen</Filter>
    </ClInclude>
    <ClInclude Include="..\engine\third_party\include\Refureku\Kodgen\Parsing\ParsingResults\EnumValueParsingResult.h">
      <Filter>Gen</Filter>
    </ClInclude>
    <ClInclude Include="..\engine\third_party\include\Refureku\Kodgen\Parsing\ParsingResults\FieldParsingResult.h">
      <Filter>Gen</Filter>
    </ClInclude>
    <ClInclude Include="..\engine\third_party\include\Refureku\Kodgen\Parsing\ParsingResults\FileParsingResult.h">
      <Filter>Gen</Filter>
    </ClInclude>
    <ClInclude Include="..\engine\third_party\include\Refureku\Kodgen\Parsing\ParsingResults\FunctionParsingResult.h">
      <Filter>Gen</Filter>
    </ClInclude>
    <ClInclude Include="..\engine\third_party\include\Refureku\Kodgen\Parsing\ParsingResults\MethodParsingResult.h">
      <Filter>Gen</Filter>
    </ClInclude>
    <ClInclude Include="..\engine\third_party\include\Refureku\Kodgen\Parsing\ParsingResults\NamespaceParsingResult.h">
      <Filter>Gen</Filter>
    </ClInclude>
    <ClInclude Include="..\engine\third_party\include\Refureku\Kodgen\Parsing\ParsingResults\ParsingResultBase.h">
      <Filter>Gen</Filter>
    </ClInclude>
    <ClInclude Include="..\engine\third_party\include\Refureku\Kodgen\Parsing\ParsingResults\VariableParsingResult.h">
      <Filter>Gen</Filter>
    </ClInclude>
    <ClInclude Include="..\engine\third_party\include\Refureku\Kodgen\Parsing\ParsingSettings.h">
      <Filter>Gen</Filter>
    </ClInclude>
    <ClInclude Include="..\engine\third_party\include\Refureku\Kodgen\Parsing\PropertyParser.h">
      <Filter>Gen</Filter>
    </ClInclude>
    <ClInclude Include="..\engine\third_party\include\Refureku\Kodgen\Parsing\VariableParser.h">
      <Filter>Gen</Filter>
    </ClInclude>
    <ClInclude Include="..\engine\third_party\include\Refureku\Kodgen\Properties\ComplexProperty.h">
      <Filter>Gen</Filter>
    </ClInclude>
    <ClInclude Include="..\engine\third_party\include\Refureku\Kodgen\Properties\ComplexPropertyRule.h">
      <Filter>Gen</Filter>
    </ClInclude>
    <ClInclude Include="..\engine\third_party\include\Refureku\Kodgen\Properties\ComplexPropertySubProperty.h">
      <Filter>Gen</Filter>
    </ClInclude>
    <ClInclude Include="..\engine\third_party\include\Refureku\Kodgen\Properties\DefaultComplexPropertyRule.h">
      <Filter>Gen</Filter>
    </ClInclude>
    <ClInclude Include="..\engine\third_party\include\Refureku\Kodgen\Properties\DefaultSimplePropertyRule.h">
      <Filter>Gen</Filter>
    </ClInclude>
    <ClInclude Include="..\engine\third_party\include\Refureku\Kodgen\Properties\FixedComplexPropertyRule.h">
      <Filter>Gen</Filter>
    </ClInclude>
    <ClInclude Include="..\engine\third_party\include\Refureku\Kodgen\Properties\NativeProperties\GenCodeTemplatePropertyRule.h">
      <Filter>Gen</Filter>
    </ClInclude>
    <ClInclude Include="..\engine\third_party\include\Refureku\Kodgen\Properties\NativeProperties\NativeProperties.h">
      <Filter>Gen</Filter>
    </ClInclude>
    <ClInclude Include="..\engine\third_party\include\Refureku\Kodgen\Properties\NativeProperties\ParseAllNestedPropertyRule.h">
      <Filter>Gen</Filter>
    </ClInclude>
    <ClInclude Include="..\engine\third_party\include\Refureku\Kodgen\Properties\Property.h">
      <Filter>Gen</Filter>
    </ClInclude>
    <ClInclude Include="..\engine\third_party\include\Refureku\Kodgen\Properties\PropertyGroup.h">
      <Filter>Gen</Filter>
    </ClInclude>
    <ClInclude Include="..\engine\third_party\include\Refureku\Kodgen\Properties\PropertyParsingSettings.h">
      <Filter>Gen</Filter>
    </ClInclude>
    <ClInclude Include="..\engine\third_party\include\Refureku\Kodgen\Properties\SimpleProperty.h">
      <Filter>Gen</Filter>
    </ClInclude>
    <ClInclude Include="..\engine\third_party\include\Refureku\Kodgen\Properties\SimplePropertyRule.h">
      <Filter>Gen</Filter>
    </ClInclude>
    <ClInclude Include="..\engine\third_party\include\Refureku\Kodgen\Threading\ETerminationMode.h">
      <Filter>Gen</Filter>
    </ClInclude>
    <ClInclude Include="..\engine\third_party\include\Refureku\Kodgen\Threading\Task.h">
      <Filter>Gen</Filter>
    </ClInclude>
    <ClInclude Include="..\engine\third_party\include\Refureku\Kodgen\Threading\TaskBase.h">
      <Filter>Gen</Filter>
    </ClInclude>
    <ClInclude Include="..\engine\third_party\include\Refureku\Kodgen\Threading\TaskHelper.h">
      <Filter>Gen</Filter>
    </ClInclude>
    <ClInclude Include="..\engine\third_party\include\Refureku\Kodgen\Threading\ThreadPool.h">
      <Filter>Gen</Filter>
    </ClInclude>
    <ClInclude Include="..\engine\third_party\include\Refureku\Refureku\Config.h">
      <Filter>Gen</Filter>
    </ClInclude>
    <ClInclude Include="..\engine\third_party\include\Refureku\Refureku\Exceptions\ArgCountMismatch.h">
      <Filter>Gen</Filter>
    </ClInclude>
    <ClInclude Include="..\engine\third_party\include\Refureku\Refureku\Exceptions\ArgTypeMismatch.h">
      <Filter>Gen</Filter>
    </ClInclude>
    <ClInclude Include="..\engine\third_party\include\Refureku\Refureku\Exceptions\BadNamespaceFormat.h">
      <Filter>Gen</Filter>
    </ClInclude>
    <ClInclude Include="..\engine\third_party\include\Refureku\Refureku\Exceptions\OutOfRange.h">
      <Filter>Gen</Filter>
    </ClInclude>
    <ClInclude Include="..\engine\third_party\include\Refureku\Refureku\Exceptions\ReturnTypeMismatch.h">
      <Filter>Gen</Filter>
    </ClInclude>
    <ClInclude Include="..\engine\third_party\include\Refureku\Refureku\Exceptions\TypeMismatch.h">
      <Filter>Gen</Filter>
    </ClInclude>
    <ClInclude Include="..\engine\third_party\include\Refureku\Refureku\Generated\CustomInstantiator.rfk.h">
      <Filter>Gen</Filter>
    </ClInclude>
    <ClInclude Include="..\engine\third_party\include\Refureku\Refureku\Generated\EntityMacros.h">
      <Filter>Gen</Filter>
    </ClInclude>
    <ClInclude Include="..\engine\third_party\include\Refureku\Refureku\Generated\ParseAllNested.rfk.h">
      <Filter>Gen</Filter>
    </ClInclude>
    <ClInclude Include="..\engine\third_party\include\Refureku\Refureku\Generated\Property.rfk.h">
      <Filter>Gen</Filter>
    </ClInclude>
    <ClInclude Include="..\engine\third_party\include\Refureku\Refureku\Generated\PropertySettings.rfk.h">
      <Filter>Gen</Filter>
    </ClInclude>
    <ClInclude Include="..\engine\third_party\include\Refureku\Refureku\Misc\DisableWarningMacros.h">
      <Filter>Gen</Filter>
    </ClInclude>
    <ClInclude Include="..\engine\third_party\include\Refureku\Refureku\Misc\FundamentalTypes.h">
      <Filter>Gen</Filter>
    </ClInclude>
    <ClInclude Include="..\engine\third_party\include\Refureku\Refureku\NativeProperties.h">
      <Filter>Gen</Filter>
    </ClInclude>
    <ClInclude Include="..\engine\third_party\include\Refureku\Refureku\Object.h">
      <Filter>Gen</Filter>
    </ClInclude>
    <ClInclude Include="..\engine\third_party\include\Refureku\Refureku\Refureku.h">
      <Filter>Gen</Filter>
    </ClInclude>
    <ClInclude Include="..\engine\third_party\include\Refureku\Refureku\TypeInfo\Archetypes\Archetype.h">
      <Filter>Gen</Filter>
    </ClInclude>
    <ClInclude Include="..\engine\third_party\include\Refureku\Refureku\TypeInfo\Archetypes\ArchetypeRegisterer.h">
      <Filter>Gen</Filter>
    </ClInclude>
    <ClInclude Include="..\engine\third_party\include\Refureku\Refureku\TypeInfo\Archetypes\Class.h">
      <Filter>Gen</Filter>
    </ClInclude>
    <ClInclude Include="..\engine\third_party\include\Refureku\Refureku\TypeInfo\Archetypes\Enum.h">
      <Filter>Gen</Filter>
    </ClInclude>
    <ClInclude Include="..\engine\third_party\include\Refureku\Refureku\TypeInfo\Archetypes\EnumValue.h">
      <Filter>Gen</Filter>
    </ClInclude>
    <ClInclude Include="..\engine\third_party\include\Refureku\Refureku\TypeInfo\Archetypes\FundamentalArchetype.h">
      <Filter>Gen</Filter>
    </ClInclude>
    <ClInclude Include="..\engine\third_party\include\Refureku\Refureku\TypeInfo\Archetypes\GetArchetype.h">
      <Filter>Gen</Filter>
    </ClInclude>
    <ClInclude Include="..\engine\third_party\include\Refureku\Refureku\TypeInfo\Archetypes\Struct.h">
      <Filter>Gen</Filter>
    </ClInclude>
    <ClInclude Include="..\engine\third_party\include\Refureku\Refureku\TypeInfo\Database.h">
      <Filter>Gen</Filter>
    </ClInclude>
    <ClInclude Include="..\engine\third_party\include\Refureku\Refureku\TypeInfo\EAccessSpecifier.h">
      <Filter>Gen</Filter>
    </ClInclude>
    <ClInclude Include="..\engine\third_party\include\Refureku\Refureku\TypeInfo\Entity\DefaultEntityRegisterer.h">
      <Filter>Gen</Filter>
    </ClInclude>
    <ClInclude Include="..\engine\third_party\include\Refureku\Refureku\TypeInfo\Entity\EEntityKind.h">
      <Filter>Gen</Filter>
    </ClInclude>
    <ClInclude Include="..\engine\third_party\include\Refureku\Refureku\TypeInfo\Entity\Entity.h">
      <Filter>Gen</Filter>
    </ClInclude>
    <ClInclude Include="..\engine\third_party\include\Refureku\Refureku\TypeInfo\Entity\EntityCast.h">
      <Filter>Gen</Filter>
    </ClInclude>
    <ClInclude Include="..\engine\third_party\include\Refureku\Refureku\TypeInfo\Functions\EFunctionFlags.h">
      <Filter>Gen</Filter>
    </ClInclude>
    <ClInclude Include="..\engine\third_party\include\Refureku\Refureku\TypeInfo\Functions\EMethodFlags.h">
      <Filter>Gen</Filter>
    </ClInclude>
    <ClInclude Include="..\engine\third_party\include\Refureku\Refureku\TypeInfo\Functions\Function.h">
      <Filter>Gen</Filter>
    </ClInclude>
    <ClInclude Include="..\engine\third_party\include\Refureku\Refureku\TypeInfo\Functions\FunctionBase.h">
      <Filter>Gen</Filter>
    </ClInclude>
    <ClInclude Include="..\engine\third_party\include\Refureku\Refureku\TypeInfo\Functions\FunctionHelper.h">
      <Filter>Gen</Filter>
    </ClInclude>
    <ClInclude Include="..\engine\third_party\include\Refureku\Refureku\TypeInfo\Functions\FunctionParameter.h">
      <Filter>Gen</Filter>
    </ClInclude>
    <ClInclude Include="..\engine\third_party\include\Refureku\Refureku\TypeInfo\Functions\ICallable.h">
      <Filter>Gen</Filter>
    </ClInclude>
    <ClInclude Include="..\engine\third_party\include\Refureku\Refureku\TypeInfo\Functions\MemberFunction.h">
      <Filter>Gen</Filter>
    </ClInclude>
    <ClInclude Include="..\engine\third_party\include\Refureku\Refureku\TypeInfo\Functions\Method.h">
      <Filter>Gen</Filter>
    </ClInclude>
    <ClInclude Include="..\engine\third_party\include\Refureku\Refureku\TypeInfo\Functions\MethodBase.h">
      <Filter>Gen</Filter>
    </ClInclude>
    <ClInclude Include="..\engine\third_party\include\Refureku\Refureku\TypeInfo\Functions\MethodHelper.h">
      <Filter>Gen</Filter>
    </ClInclude>
    <ClInclude Include="..\engine\third_party\include\Refureku\Refureku\TypeInfo\Functions\NonMemberFunction.h">
      <Filter>Gen</Filter>
    </ClInclude>
    <ClInclude Include="..\engine\third_party\include\Refureku\Refureku\TypeInfo\Functions\StaticMethod.h">
      <Filter>Gen</Filter>
    </ClInclude>
    <ClInclude Include="..\engine\third_party\include\Refureku\Refureku\TypeInfo\Namespaces\Namespace.h">
      <Filter>Gen</Filter>
    </ClInclude>
    <ClInclude Include="..\engine\third_party\include\Refureku\Refureku\TypeInfo\Namespaces\NamespaceFragment.h">
      <Filter>Gen</Filter>
    </ClInclude>
    <ClInclude Include="..\engine\third_party\include\Refureku\Refureku\TypeInfo\Namespaces\NamespaceFragmentRegisterer.h">
      <Filter>Gen</Filter>
    </ClInclude>
    <ClInclude Include="..\engine\third_party\include\Refureku\Refureku\TypeInfo\Properties\CustomInstantiator.h">
      <Filter>Gen</Filter>
    </ClInclude>
    <ClInclude Include="..\engine\third_party\include\Refureku\Refureku\TypeInfo\Properties\ParseAllNested.h">
      <Filter>Gen</Filter>
    </ClInclude>
    <ClInclude Include="..\engine\third_party\include\Refureku\Refureku\TypeInfo\Properties\Property.h">
      <Filter>Gen</Filter>
    </ClInclude>
    <ClInclude Include="..\engine\third_party\include\Refureku\Refureku\TypeInfo\Properties\PropertySettings.h">
      <Filter>Gen</Filter>
    </ClInclude>
    <ClInclude Include="..\engine\third_party\include\Refureku\Refureku\TypeInfo\Type.h">
      <Filter>Gen</Filter>
    </ClInclude>
    <ClInclude Include="..\engine\third_party\include\Refureku\Refureku\TypeInfo\TypePart.h">
      <Filter>Gen</Filter>
    </ClInclude>
    <ClInclude Include="..\engine\third_party\include\Refureku\Refureku\TypeInfo\Variables\EFieldFlags.h">
      <Filter>Gen</Filter>
    </ClInclude>
    <ClInclude Include="..\engine\third_party\include\Refureku\Refureku\TypeInfo\Variables\EVarFlags.h">
      <Filter>Gen</Filter>
    </ClInclude>
    <ClInclude Include="..\engine\third_party\include\Refureku\Refureku\TypeInfo\Variables\Field.h">
      <Filter>Gen</Filter>
    </ClInclude>
    <ClInclude Include="..\engine\third_party\include\Refureku\Refureku\TypeInfo\Variables\FieldBase.h">
      <Filter>Gen</Filter>
    </ClInclude>
    <ClInclude Include="..\engine\third_party\include\Refureku\Refureku\TypeInfo\Variables\StaticField.h">
      <Filter>Gen</Filter>
    </ClInclude>
    <ClInclude Include="..\engine\third_party\include\Refureku\Refureku\TypeInfo\Variables\Variable.h">
      <Filter>Gen</Filter>
    </ClInclude>
    <ClInclude Include="..\engine\third_party\include\Refureku\Refureku\TypeInfo\Variables\VariableBase.h">
      <Filter>Gen</Filter>
    </ClInclude>
    <ClInclude Include="..\engine\third_party\include\Refureku\Refureku\Utility\EnumMacros.h">
      <Filter>Gen</Filter>
    </ClInclude>
    <ClInclude Include="..\engine\third_party\include\Refureku\Refureku\Utility\TypeTraits.h">
      <Filter>Gen</Filter>
    </ClInclude>
    <ClInclude Include="..\engine\third_party\include\Refureku\Refureku\Utility\TypeTraitsMacros.h">
      <Filter>Gen</Filter>
    </ClInclude>
    <ClInclude Include="..\engine\third_party\include\Refureku\RefurekuGenerator\CodeGen\FileGenerationUnit.h">
      <Filter>Gen</Filter>
    </ClInclude>
    <ClInclude Include="..\engine\third_party\include\Refureku\RefurekuGenerator\CodeGen\FileGenerator.h">
      <Filter>Gen</Filter>
    </ClInclude>
    <ClInclude Include="..\engine\third_party\include\Refureku\RefurekuGenerator\CodeGen\GeneratedClassCodeTemplate.h">
      <Filter>Gen</Filter>
    </ClInclude>
    <ClInclude Include="..\engine\third_party\include\Refureku\RefurekuGenerator\CodeGen\GeneratedEntityCodeTemplate.h">
      <Filter>Gen</Filter>
    </ClInclude>
    <ClInclude Include="..\engine\third_party\include\Refureku\RefurekuGenerator\CodeGen\GeneratedEnumCodeTemplate.h">
      <Filter>Gen</Filter>
    </ClInclude>
    <ClInclude Include="..\engine\third_party\include\Refureku\RefurekuGenerator\CodeGen\GeneratedFunctionCodeTemplate.h">
      <Filter>Gen</Filter>
    </ClInclude>
    <ClInclude Include="..\engine\third_party\include\Refureku\RefurekuGenerator\CodeGen\GeneratedNamespaceCodeTemplate.h">
      <Filter>Gen</Filter>
    </ClInclude>
    <ClInclude Include="..\engine\third_party\include\Refureku\RefurekuGenerator\CodeGen\GeneratedVariableCodeTemplate.h">
      <Filter>Gen</Filter>
    </ClInclude>
    <ClInclude Include="..\engine\third_party\include\Refureku\RefurekuGenerator\Misc\Helpers.h">
      <Filter>Gen</Filter>
    </ClInclude>
    <ClInclude Include="..\engine\third_party\include\Refureku\RefurekuGenerator\Parsing\FileParser.h">
      <Filter>Gen</Filter>
    </ClInclude>
    <ClInclude Include="..\engine\third_party\include\Refureku\RefurekuGenerator\Parsing\FileParserFactory.h">
      <Filter>Gen</Filter>
    </ClInclude>
    <ClInclude Include="..\engine\third_party\include\Refureku\RefurekuGenerator\Properties\CodeGenData\ECodeGenLocation.h">
      <Filter>Gen</Filter>
    </ClInclude>
    <ClInclude Include="..\engine\third_party\include\Refureku\RefurekuGenerator\Properties\CodeGenData\PropertyCodeGenClassFooterData.h">
      <Filter>Gen</Filter>
    </ClInclude>
    <ClInclude Include="..\engine\third_party\include\Refureku\RefurekuGenerator\Properties\CodeGenData\PropertyCodeGenData.h">
      <Filter>Gen</Filter>
    </ClInclude>
    <ClInclude Include="..\engine\third_party\include\Refureku\RefurekuGenerator\Properties\CodeGenData\PropertyCodeGenFileFooterData.h">
      <Filter>Gen</Filter>
    </ClInclude>
    <ClInclude Include="..\engine\third_party\include\Refureku\RefurekuGenerator\Properties\CodeGenData\PropertyCodeGenFileHeaderData.h">
      <Filter>Gen</Filter>
    </ClInclude>
    <ClInclude Include="..\engine\third_party\include\Refureku\RefurekuGenerator\Properties\CodeGenData\PropertyCodeGenPropertyAddData.h">
      <Filter>Gen</Filter>
    </ClInclude>
    <ClInclude Include="..\engine\third_party\include\Refureku\RefurekuGenerator\Properties\CustomInstantiatorPropertyRule.h">
      <Filter>Gen</Filter>
    </ClInclude>
    <ClInclude Include="..\engine\third_party\include\Refureku\RefurekuGenerator\Properties\DefaultComplexPropertyRule.h">
      <Filter>Gen</Filter>
    </ClInclude>
    <ClInclude Include="..\engine\third_party\include\Refureku\RefurekuGenerator\Properties\DefaultSimplePropertyRule.h">
      <Filter>Gen</Filter>
    </ClInclude>
    <ClInclude Include="..\engine\third_party\include\Refureku\RefurekuGenerator\Properties\NativeProperties.h">
      <Filter>Gen</Filter>
    </ClInclude>
    <ClInclude Include="..\engine\third_party\include\Refureku\RefurekuGenerator\Properties\PropertySettingsPropertyRule.h">
      <Filter>Gen</Filter>
    </ClInclude>
    <ClInclude Include="..\engine\third_party\include\Refureku\RefurekuGenerator\Properties\TestPropertyRule.h">
      <Filter>Gen</Filter>
    </ClInclude>
    <ClInclude Include="include\ComponentGenerator.h">
      <Filter>Header Files</Filter>
    </ClInclude>
    <ClInclude Include="include\GenerationUtilities.hpp">
      <Filter>Header Files</Filter>
    </ClInclude>
  </ItemGroup>
  <ItemGroup>
    <None Include="..\engine\third_party\include\Refureku\Kodgen\CodeGen\FileGenerationError.inl">
      <Filter>Gen</Filter>
    </None>
    <None Include="..\engine\third_party\include\Refureku\Kodgen\CodeGen\FileGenerationSettings.inl">
      <Filter>Gen</Filter>
    </None>
    <None Include="..\engine\third_party\include\Refureku\Kodgen\CodeGen\FileGenerator.inl">
      <Filter>Gen</Filter>
    </None>
    <None Include="..\engine\third_party\include\Refureku\Kodgen\CodeGen\GeneratedFile.inl">
      <Filter>Gen</Filter>
    </None>
    <None Include="..\engine\third_party\include\Refureku\Kodgen\Misc\Helpers.inl">
      <Filter>Gen</Filter>
    </None>
    <None Include="..\engine\third_party\include\Refureku\Kodgen\Misc\TomlUtility.inl">
      <Filter>Gen</Filter>
    </None>
    <None Include="..\engine\third_party\include\Refureku\Kodgen\Parsing\ClassParser.inl">
      <Filter>Gen</Filter>
    </None>
    <None Include="..\engine\third_party\include\Refureku\Kodgen\Parsing\EntityParser.inl">
      <Filter>Gen</Filter>
    </None>
    <None Include="..\engine\third_party\include\Refureku\Kodgen\Parsing\EnumParser.inl">
      <Filter>Gen</Filter>
    </None>
    <None Include="..\engine\third_party\include\Refureku\Kodgen\Parsing\EnumValueParser.inl">
      <Filter>Gen</Filter>
    </None>
    <None Include="..\engine\third_party\include\Refureku\Kodgen\Parsing\FieldParser.inl">
      <Filter>Gen</Filter>
    </None>
    <None Include="..\engine\third_party\include\Refureku\Kodgen\Parsing\FileParser.inl">
      <Filter>Gen</Filter>
    </None>
    <None Include="..\engine\third_party\include\Refureku\Kodgen\Parsing\FileParserFactory.inl">
      <Filter>Gen</Filter>
    </None>
    <None Include="..\engine\third_party\include\Refureku\Kodgen\Parsing\FunctionParser.inl">
      <Filter>Gen</Filter>
    </None>
    <None Include="..\engine\third_party\include\Refureku\Kodgen\Parsing\MethodParser.inl">
      <Filter>Gen</Filter>
    </None>
    <None Include="..\engine\third_party\include\Refureku\Kodgen\Parsing\NamespaceParser.inl">
      <Filter>Gen</Filter>
    </None>
    <None Include="..\engine\third_party\include\Refureku\Kodgen\Parsing\ParsingResults\ParsingResultBase.inl">
      <Filter>Gen</Filter>
    </None>
    <None Include="..\engine\third_party\include\Refureku\Kodgen\Parsing\ParsingSettings.inl">
      <Filter>Gen</Filter>
    </None>
    <None Include="..\engine\third_party\include\Refureku\Kodgen\Parsing\VariableParser.inl">
      <Filter>Gen</Filter>
    </None>
    <None Include="..\engine\third_party\include\Refureku\Kodgen\Threading\Task.inl">
      <Filter>Gen</Filter>
    </None>
    <None Include="..\engine\third_party\include\Refureku\Kodgen\Threading\TaskHelper.inl">
      <Filter>Gen</Filter>
    </None>
    <None Include="..\engine\third_party\include\Refureku\Kodgen\Threading\ThreadPool.inl">
      <Filter>Gen</Filter>
    </None>
    <None Include="..\engine\third_party\include\Refureku\Refureku\TypeInfo\Archetypes\Archetype.inl">
      <Filter>Gen</Filter>
    </None>
    <None Include="..\engine\third_party\include\Refureku\Refureku\TypeInfo\Archetypes\Enum.inl">
      <Filter>Gen</Filter>
    </None>
    <None Include="..\engine\third_party\include\Refureku\Refureku\TypeInfo\Archetypes\EnumValue.inl">
      <Filter>Gen</Filter>
    </None>
    <None Include="..\engine\third_party\include\Refureku\Refureku\TypeInfo\Archetypes\GetArchetype.inl">
      <Filter>Gen</Filter>
    </None>
    <None Include="..\engine\third_party\include\Refureku\Refureku\TypeInfo\Archetypes\Struct.inl">
      <Filter>Gen</Filter>
    </None>
    <None Include="..\engine\third_party\include\Refureku\Refureku\TypeInfo\Database.inl">
      <Filter>Gen</Filter>
    </None>
    <None Include="..\engine\third_party\include\Refureku\Refureku\TypeInfo\Entity\Entity.inl">
      <Filter>Gen</Filter>
    </None>
    <None Include="..\engine\third_party\include\Refureku\Refureku\TypeInfo\Entity\EntityCast.inl">
      <Filter>Gen</Filter>
    </None>
    <None Include="..\engine\third_party\include\Refureku\Refureku\TypeInfo\Functions\Function.inl">
      <Filter>Gen</Filter>
    </None>
    <None Include="..\engine\third_party\include\Refureku\Refureku\TypeInfo\Functions\FunctionBase.inl">
      <Filter>Gen</Filter>
    </None>
    <None Include="..\engine\third_party\include\Refureku\Refureku\TypeInfo\Functions\FunctionHelper.inl">
      <Filter>Gen</Filter>
    </None>
    <None Include="..\engine\third_party\include\Refureku\Refureku\TypeInfo\Functions\Method.inl">
      <Filter>Gen</Filter>
    </None>
    <None Include="..\engine\third_party\include\Refureku\Refureku\TypeInfo\Functions\MethodBase.inl">
      <Filter>Gen</Filter>
    </None>
    <None Include="..\engine\third_party\include\Refureku\Refureku\TypeInfo\Functions\MethodHelper.inl">
      <Filter>Gen</Filter>
    </None>
    <None Include="..\engine\third_party\include\Refureku\Refureku\TypeInfo\Functions\StaticMethod.inl">
      <Filter>Gen</Filter>
    </None>
    <None Include="..\engine\third_party\include\Refureku\Refureku\TypeInfo\Namespaces\Namespace.inl">
      <Filter>Gen</Filter>
    </None>
    <None Include="..\engine\third_party\include\Refureku\Refureku\TypeInfo\Type.inl">
      <Filter>Gen</Filter>
    </None>
    <None Include="..\engine\third_party\include\Refureku\Refureku\TypeInfo\TypePart.inl">
      <Filter>Gen</Filter>
    </None>
    <None Include="..\engine\third_party\include\Refureku\Refureku\TypeInfo\Variables\Field.inl">
      <Filter>Gen</Filter>
    </None>
    <None Include="..\engine\third_party\include\Refureku\Refureku\TypeInfo\Variables\FieldBase.inl">
      <Filter>Gen</Filter>
    </None>
    <None Include="..\engine\third_party\include\Refureku\Refureku\TypeInfo\Variables\StaticField.inl">
      <Filter>Gen</Filter>
    </None>
    <None Include="..\engine\third_party\include\Refureku\Refureku\TypeInfo\Variables\Variable.inl">
      <Filter>Gen</Filter>
    </None>
    <None Include="..\engine\third_party\include\Refureku\RefurekuGenerator\CodeGen\GeneratedEntityCodeTemplate.inl">
      <Filter>Gen</Filter>
    </None>
    <None Include="..\engine\third_party\include\Refureku\RefurekuGenerator\Misc\Helpers.inl">
      <Filter>Gen</Filter>
    </None>
    <None Include="..\engine\third_party\include\Refureku\RefurekuGenerator\Parsing\FileParserFactory.inl">
      <Filter>Gen</Filter>
    </None>
  </ItemGroup>
</Project>