<?xml version="1.0" encoding="utf-8"?>
<Project ToolsVersion="4.0" xmlns="http://schemas.microsoft.com/developer/msbuild/2003">
  <ItemGroup>
    <ClCompile Include="third_party\src\glad.c">
      <Filter>third_party</Filter>
    </ClCompile>
    <ClCompile Include="src\GameObject.cpp">
      <Filter>src</Filter>
    </ClCompile>
    <ClCompile Include="src\Log.cpp">
      <Filter>src</Filter>
    </ClCompile>
    <ClCompile Include="src\main.cpp">
      <Filter>src</Filter>
    </ClCompile>
    <ClCompile Include="src\Mesh.cpp">
      <Filter>src</Filter>
    </ClCompile>
    <ClCompile Include="src\RendererGLFW_GL46.cpp">
      <Filter>src</Filter>
    </ClCompile>
    <ClCompile Include="src\TimeSystem.cpp">
      <Filter>src</Filter>
    </ClCompile>
    <ClCompile Include="src\WindowGLFW.cpp">
      <Filter>src</Filter>
    </ClCompile>
    <ClCompile Include="src\Shader.cpp">
      <Filter>src</Filter>
    </ClCompile>
    <ClCompile Include="src\ShaderParser.cpp">
      <Filter>src</Filter>
    </ClCompile>
    <ClCompile Include="src\Texture.cpp">
      <Filter>src</Filter>
    </ClCompile>
    <ClCompile Include="src\Material.cpp">
      <Filter>src</Filter>
    </ClCompile>
    <ClCompile Include="src\Model.cpp">
      <Filter>src</Filter>
    </ClCompile>
    <ClCompile Include="src\Camera.cpp">
      <Filter>src</Filter>
    </ClCompile>
    <ClCompile Include="src\RendererSystem.cpp">
      <Filter>src</Filter>
    </ClCompile>
  </ItemGroup>
  <ItemGroup>
    <ClInclude Include="third_party\include\glad\glad.h">
      <Filter>third_party</Filter>
    </ClInclude>
    <ClInclude Include="third_party\include\GLFW\glfw3.h">
      <Filter>third_party</Filter>
    </ClInclude>
    <ClInclude Include="third_party\include\GLFW\glfw3native.h">
      <Filter>third_party</Filter>
    </ClInclude>
    <ClInclude Include="third_party\include\KHR\khrplatform.h">
      <Filter>third_party</Filter>
    </ClInclude>
    <ClInclude Include="include\Engine\Core\Debug\Assert.hpp">
      <Filter>include</Filter>
    </ClInclude>
    <ClInclude Include="include\Engine\Core\Debug\Log.hpp">
      <Filter>include</Filter>
    </ClInclude>
    <ClInclude Include="include\Engine\Core\HotReload\ReloadableCpp.hpp">
      <Filter>include</Filter>
    </ClInclude>
    <ClInclude Include="include\Engine\Core\Rendering\Renderer\RendererGLFW_GL46.hpp">
      <Filter>include</Filter>
    </ClInclude>
    <ClInclude Include="include\Engine\Core\Rendering\Window\WindowGLFW.hpp">
      <Filter>include</Filter>
    </ClInclude>
    <ClInclude Include="include\Engine\Core\TimeSystem\TimeSystem.hpp">
      <Filter>include</Filter>
    </ClInclude>
    <ClInclude Include="include\Engine\Core\Tools\ClassUtility.hpp">
      <Filter>include</Filter>
    </ClInclude>
    <ClInclude Include="include\Engine\Core\Tools\Format.hpp">
      <Filter>include</Filter>
    </ClInclude>
    <ClInclude Include="include\Engine\Intermediate\Component.hpp">
      <Filter>include</Filter>
    </ClInclude>
    <ClInclude Include="include\Engine\Intermediate\ComponentChunk.hpp">
      <Filter>include</Filter>
    </ClInclude>
    <ClInclude Include="include\Engine\Intermediate\GameObject.hpp">
      <Filter>include</Filter>
    </ClInclude>
    <ClInclude Include="include\Engine\Intermediate\TransformComponent.hpp">
      <Filter>include</Filter>
    </ClInclude>
    <ClInclude Include="include\Engine\Resources\Color.hpp">
      <Filter>include</Filter>
    </ClInclude>
    <ClInclude Include="include\Engine\Resources\Mesh.hpp">
      <Filter>include</Filter>
    </ClInclude>
    <ClInclude Include="include\Engine\Resources\ResourcesManager.hpp">
      <Filter>include</Filter>
    </ClInclude>
    <ClInclude Include="include\Engine\Resources\Scene.hpp">
      <Filter>include</Filter>
    </ClInclude>
    <ClInclude Include="include\Engine\Resources\SceneManager.hpp">
      <Filter>include</Filter>
    </ClInclude>
    <ClInclude Include="include\Engine\Resources\Type.hpp">
      <Filter>include</Filter>
    </ClInclude>
    <ClInclude Include="include\Engine\Resources\Shader.hpp">
      <Filter>include</Filter>
    </ClInclude>
    <ClInclude Include="include\Engine\Core\Parsers\ShaderParser.hpp">
      <Filter>include</Filter>
    </ClInclude>
    <ClInclude Include="include\Engine\Resources\Texture.hpp">
      <Filter>include</Filter>
    </ClInclude>
    <ClInclude Include="include\Engine\Core\Parsers\ParserTool.hpp">
      <Filter>include</Filter>
    </ClInclude>
    <ClInclude Include="include\Engine\Resources\Material.hpp">
      <Filter>include</Filter>
    </ClInclude>
    <ClInclude Include="include\Engine\Resources\Model.hpp">
      <Filter>include</Filter>
    </ClInclude>
    <ClInclude Include="include\Engine\Resources\Camera.hpp">
      <Filter>include</Filter>
    </ClInclude>
    <ClInclude Include="third_party\gpm\include\GPM\constants.hpp">
      <Filter>third_party\gpm</Filter>
    </ClInclude>
    <ClInclude Include="third_party\gpm\include\GPM\conversion.hpp">
      <Filter>third_party\gpm</Filter>
    </ClInclude>
    <ClInclude Include="third_party\gpm\include\GPM\Matrix3.hpp">
      <Filter>third_party\gpm</Filter>
    </ClInclude>
    <ClInclude Include="third_party\gpm\include\GPM\Matrix4.hpp">
      <Filter>third_party\gpm</Filter>
    </ClInclude>
    <ClInclude Include="third_party\gpm\include\GPM\Quaternion.hpp">
      <Filter>third_party\gpm</Filter>
    </ClInclude>
    <ClInclude Include="third_party\gpm\include\GPM\Transform.hpp">
      <Filter>third_party\gpm</Filter>
    </ClInclude>
    <ClInclude Include="third_party\gpm\include\GPM\types.hpp">
      <Filter>third_party\gpm</Filter>
    </ClInclude>
    <ClInclude Include="third_party\gpm\include\GPM\Vector2.hpp">
      <Filter>third_party\gpm</Filter>
    </ClInclude>
    <ClInclude Include="third_party\gpm\include\GPM\Vector3.hpp">
      <Filter>third_party\gpm</Filter>
    </ClInclude>
    <ClInclude Include="third_party\gpm\include\GPM\Vector4.hpp">
      <Filter>third_party\gpm</Filter>
    </ClInclude>
    <ClInclude Include="include\Engine\Intermediate\RenderSystem.hpp">
      <Filter>include</Filter>
    </ClInclude>
  </ItemGroup>
  <ItemGroup>
    <None Include=".clang-format" />
    <None Include="src\Component.inl">
      <Filter>src</Filter>
    </None>
    <None Include="src\ComponentChunk.inl">
      <Filter>src</Filter>
    </None>
    <None Include="src\Format.inl">
      <Filter>src</Filter>
    </None>
    <None Include="src\GameObject.inl">
      <Filter>src</Filter>
    </None>
    <None Include="src\Log.inl">
      <Filter>src</Filter>
    </None>
    <None Include="src\ResourcesManager.inl">
      <Filter>src</Filter>
    </None>
    <None Include="src\TimeSystem.inl">
      <Filter>src</Filter>
    </None>
    <None Include="src\WindowGLFW.inl">
      <Filter>src</Filter>
    </None>
    <None Include="third_party\gpm\src\conversion.inl">
      <Filter>third_party\gpm</Filter>
    </None>
    <None Include="third_party\gpm\src\Matrix3.inl">
      <Filter>third_party\gpm</Filter>
    </None>
    <None Include="third_party\gpm\src\Matrix4.inl">
      <Filter>third_party\gpm</Filter>
    </None>
    <None Include="third_party\gpm\src\Quaternion.inl">
      <Filter>third_party\gpm</Filter>
    </None>
    <None Include="third_party\gpm\src\Transform.inl">
      <Filter>third_party\gpm</Filter>
    </None>
    <None Include="third_party\gpm\src\Vector2.inl">
      <Filter>third_party\gpm</Filter>
    </None>
    <None Include="third_party\gpm\src\Vector3.inl">
      <Filter>third_party\gpm</Filter>
    </None>
    <None Include="third_party\gpm\src\Vector4.inl">
      <Filter>third_party\gpm</Filter>
    </None>
    <None Include="ClassDiagram.cd" />
  </ItemGroup>
  <ItemGroup>
    <Filter Include="include">
      <UniqueIdentifier>{5e2530e7-0724-4e95-a72d-388f56ce908f}</UniqueIdentifier>
    </Filter>
    <Filter Include="third_party">
      <UniqueIdentifier>{fd0e0626-c061-4785-bf44-198eb4e624e4}</UniqueIdentifier>
    </Filter>
    <Filter Include="src">
      <UniqueIdentifier>{000e1053-6ae7-4555-88fa-1680885403d6}</UniqueIdentifier>
    </Filter>
    <Filter Include="third_party\gpm">
      <UniqueIdentifier>{a2407ea9-052e-4dda-94fb-8a6a09d22eba}</UniqueIdentifier>
    </Filter>
  </ItemGroup>
</Project>