<?xml version="1.0" encoding="utf-8"?>
<Project ToolsVersion="4.0" xmlns="http://schemas.microsoft.com/developer/msbuild/2003">
  <ItemGroup>
    <Filter Include="Source Files">
      <UniqueIdentifier>{4FC737F1-C7A5-4376-A066-2A32D752A2FF}</UniqueIdentifier>
      <Extensions>cpp;c;cc;cxx;c++;cppm;ixx;def;odl;idl;hpj;bat;asm;asmx</Extensions>
    </Filter>
    <Filter Include="Header Files">
      <UniqueIdentifier>{93995380-89BD-4b04-88EB-625FBE52EBFB}</UniqueIdentifier>
      <Extensions>h;hh;hpp;hxx;h++;hm;inl;inc;ipp;xsd</Extensions>
    </Filter>
    <Filter Include="third_party">
      <UniqueIdentifier>{d039a326-03c6-4123-97ed-08d3a2db3b55}</UniqueIdentifier>
    </Filter>
    <Filter Include="third_party\gpm">
      <UniqueIdentifier>{b0afde61-c331-4e75-866b-9384c9a3a154}</UniqueIdentifier>
    </Filter>
  </ItemGroup>
  <ItemGroup>
    <ClCompile Include="main.cpp">
      <Filter>Source Files</Filter>
    </ClCompile>
    <ClCompile Include="..\engine\third_party\src\glad.c">
      <Filter>third_party</Filter>
    </ClCompile>
    <ClCompile Include="..\engine\third_party\gpm\src\Intersection.cpp">
      <Filter>third_party\gpm</Filter>
    </ClCompile>
    <ClCompile Include="..\engine\third_party\gpm\src\Plane.cpp">
      <Filter>third_party\gpm</Filter>
    </ClCompile>
    <ClCompile Include="..\engine\third_party\gpm\src\SegmentPlane.cpp">
      <Filter>third_party\gpm</Filter>
    </ClCompile>
    <ClCompile Include="..\engine\third_party\gpm\src\SpherePlane.cpp">
      <Filter>third_party\gpm</Filter>
    </ClCompile>
    <ClCompile Include="..\engine\src\Camera.cpp">
      <Filter>Source Files</Filter>
    </ClCompile>
    <ClCompile Include="..\engine\src\DirectionalLight.cpp">
      <Filter>Source Files</Filter>
    </ClCompile>
    <ClCompile Include="..\engine\src\GameObject.cpp">
      <Filter>Source Files</Filter>
    </ClCompile>
    <ClCompile Include="..\engine\src\Log.cpp">
      <Filter>Source Files</Filter>
    </ClCompile>
    <ClCompile Include="..\engine\src\Mesh.cpp">
      <Filter>Source Files</Filter>
    </ClCompile>
    <ClCompile Include="..\engine\src\Model.cpp">
      <Filter>Source Files</Filter>
    </ClCompile>
    <ClCompile Include="..\engine\src\ObjParser.cpp">
      <Filter>Source Files</Filter>
    </ClCompile>
    <ClCompile Include="..\engine\src\PointLight.cpp">
      <Filter>Source Files</Filter>
    </ClCompile>
    <ClCompile Include="..\engine\src\ReloadableCpp.cpp">
      <Filter>Source Files</Filter>
    </ClCompile>
    <ClCompile Include="..\engine\src\RendererGLFW_GL46.cpp">
      <Filter>Source Files</Filter>
    </ClCompile>
    <ClCompile Include="..\engine\src\RenderSystem.cpp">
      <Filter>Source Files</Filter>
    </ClCompile>
    <ClCompile Include="..\engine\src\Shader.cpp">
      <Filter>Source Files</Filter>
    </ClCompile>
    <ClCompile Include="..\engine\src\ShaderParser.cpp">
      <Filter>Source Files</Filter>
    </ClCompile>
    <ClCompile Include="..\engine\src\SpotLight.cpp">
      <Filter>Source Files</Filter>
    </ClCompile>
    <ClCompile Include="..\engine\src\Texture.cpp">
      <Filter>Source Files</Filter>
    </ClCompile>
    <ClCompile Include="..\engine\src\TimeSystem.cpp">
      <Filter>Source Files</Filter>
    </ClCompile>
    <ClCompile Include="..\engine\src\WindowGLFW.cpp">
      <Filter>Source Files</Filter>
    </ClCompile>
    <ClCompile Include="..\engine\src\RenderTexture.cpp">
      <Filter>Source Files</Filter>
    </ClCompile>
    <ClCompile Include="..\engine\src\BehaviourSystem.cpp">
      <Filter>Source Files</Filter>
    </ClCompile>
    <ClCompile Include="..\engine\src\RenderBuffer.cpp">
      <Filter>Source Files</Filter>
    </ClCompile>
    <ClCompile Include="..\engine\src\InputComponent.cpp">
      <Filter>Source Files</Filter>
    </ClCompile>
    <ClCompile Include="..\engine\src\InputManagerGLFW.cpp">
      <Filter>Source Files</Filter>
    </ClCompile>
  </ItemGroup>
  <ItemGroup>
    <ClInclude Include="..\engine\include\Engine\Core\Debug\Assert.hpp">
      <Filter>Header Files</Filter>
    </ClInclude>
    <ClInclude Include="..\engine\include\Engine\Core\Debug\Log.hpp">
      <Filter>Header Files</Filter>
    </ClInclude>
    <ClInclude Include="..\engine\include\Engine\Core\Game\AbstractGame.hpp">
      <Filter>Header Files</Filter>
    </ClInclude>
    <ClInclude Include="..\engine\include\Engine\Core\Game\ContextStartup.hpp">
      <Filter>Header Files</Filter>
    </ClInclude>
    <ClInclude Include="..\engine\include\Engine\Core\HotReload\ReloadableCpp.hpp">
      <Filter>Header Files</Filter>
    </ClInclude>
    <ClInclude Include="..\engine\include\Engine\Core\Parsers\MTLParser.hpp">
      <Filter>Header Files</Filter>
    </ClInclude>
    <ClInclude Include="..\engine\include\Engine\Core\Parsers\ObjParser.hpp">
      <Filter>Header Files</Filter>
    </ClInclude>
    <ClInclude Include="..\engine\include\Engine\Core\Parsers\ParserTool.hpp">
      <Filter>Header Files</Filter>
    </ClInclude>
    <ClInclude Include="..\engine\include\Engine\Core\Parsers\ShaderParser.hpp">
      <Filter>Header Files</Filter>
    </ClInclude>
    <ClInclude Include="..\engine\include\Engine\Core\Rendering\Renderer\RendererGLFW_GL46.hpp">
      <Filter>Header Files</Filter>
    </ClInclude>
    <ClInclude Include="..\engine\include\Engine\Core\Rendering\Window\WindowGLFW.hpp">
      <Filter>Header Files</Filter>
    </ClInclude>
    <ClInclude Include="..\engine\include\Engine\Core\TimeSystem\TimeSystem.hpp">
      <Filter>Header Files</Filter>
    </ClInclude>
    <ClInclude Include="..\engine\include\Engine\Core\Tools\BranchPrediction.hpp">
      <Filter>Header Files</Filter>
    </ClInclude>
    <ClInclude Include="..\engine\include\Engine\Core\Tools\ClassUtility.hpp">
      <Filter>Header Files</Filter>
    </ClInclude>
    <ClInclude Include="..\engine\include\Engine\Core\Tools\Format.hpp">
      <Filter>Header Files</Filter>
    </ClInclude>
    <ClInclude Include="..\engine\include\Engine\Intermediate\Component.hpp">
      <Filter>Header Files</Filter>
    </ClInclude>
    <ClInclude Include="..\engine\include\Engine\Intermediate\DataChunk.hpp">
      <Filter>Header Files</Filter>
    </ClInclude>
    <ClInclude Include="..\engine\include\Engine\Intermediate\GameObject.hpp">
      <Filter>Header Files</Filter>
    </ClInclude>
    <ClInclude Include="..\engine\include\Engine\Intermediate\RenderSystem.hpp">
      <Filter>Header Files</Filter>
    </ClInclude>
    <ClInclude Include="..\engine\include\Engine\Intermediate\TransformComponent.hpp">
      <Filter>Header Files</Filter>
    </ClInclude>
    <ClInclude Include="..\engine\include\Engine\Resources\Camera.hpp">
      <Filter>Header Files</Filter>
    </ClInclude>
    <ClInclude Include="..\engine\include\Engine\Resources\Color.hpp">
      <Filter>Header Files</Filter>
    </ClInclude>
    <ClInclude Include="..\engine\include\Engine\Resources\Light\DirectionalLight.hpp">
      <Filter>Header Files</Filter>
    </ClInclude>
    <ClInclude Include="..\engine\include\Engine\Resources\Light\Light.hpp">
      <Filter>Header Files</Filter>
    </ClInclude>
    <ClInclude Include="..\engine\include\Engine\Resources\Light\PointLight.hpp">
      <Filter>Header Files</Filter>
    </ClInclude>
    <ClInclude Include="..\engine\include\Engine\Resources\Light\SpotLight.hpp">
      <Filter>Header Files</Filter>
    </ClInclude>
    <ClInclude Include="..\engine\include\Engine\Resources\Material.hpp">
      <Filter>Header Files</Filter>
    </ClInclude>
    <ClInclude Include="..\engine\include\Engine\Resources\Mesh.hpp">
      <Filter>Header Files</Filter>
    </ClInclude>
    <ClInclude Include="..\engine\include\Engine\Resources\Model.hpp">
      <Filter>Header Files</Filter>
    </ClInclude>
    <ClInclude Include="..\engine\include\Engine\Resources\ResourcesManager.hpp">
      <Filter>Header Files</Filter>
    </ClInclude>
    <ClInclude Include="..\engine\include\Engine\Resources\Scene.hpp">
      <Filter>Header Files</Filter>
    </ClInclude>
    <ClInclude Include="..\engine\include\Engine\Resources\SceneManager.hpp">
      <Filter>Header Files</Filter>
    </ClInclude>
    <ClInclude Include="..\engine\include\Engine\Resources\Shader.hpp">
      <Filter>Header Files</Filter>
    </ClInclude>
    <ClInclude Include="..\engine\include\Engine\Resources\ShaderType.hpp">
      <Filter>Header Files</Filter>
    </ClInclude>
    <ClInclude Include="..\engine\include\Engine\Resources\Texture.hpp">
      <Filter>Header Files</Filter>
    </ClInclude>
    <ClInclude Include="..\engine\include\Engine\Resources\Type.hpp">
      <Filter>Header Files</Filter>
    </ClInclude>
    <ClInclude Include="..\engine\third_party\include\glad\glad.h">
      <Filter>third_party</Filter>
    </ClInclude>
    <ClInclude Include="..\engine\third_party\include\GLFW\glfw3.h">
      <Filter>third_party</Filter>
    </ClInclude>
    <ClInclude Include="..\engine\third_party\include\GLFW\glfw3native.h">
      <Filter>third_party</Filter>
    </ClInclude>
    <ClInclude Include="..\engine\third_party\include\KHR\khrplatform.h">
      <Filter>third_party</Filter>
    </ClInclude>
    <ClInclude Include="..\engine\third_party\include\stb\stb_image.h">
      <Filter>third_party</Filter>
    </ClInclude>
    <ClInclude Include="..\engine\third_party\include\stb\stb_perlin.h">
      <Filter>third_party</Filter>
    </ClInclude>
    <ClInclude Include="..\engine\third_party\gpm\include\GPM\constants.hpp">
      <Filter>third_party\gpm</Filter>
    </ClInclude>
    <ClInclude Include="..\engine\third_party\gpm\include\GPM\conversion.hpp">
      <Filter>third_party\gpm</Filter>
    </ClInclude>
    <ClInclude Include="..\engine\third_party\gpm\include\GPM\Matrix3.hpp">
      <Filter>third_party\gpm</Filter>
    </ClInclude>
    <ClInclude Include="..\engine\third_party\gpm\include\GPM\Matrix4.hpp">
      <Filter>third_party\gpm</Filter>
    </ClInclude>
    <ClInclude Include="..\engine\third_party\gpm\include\GPM\Quaternion.hpp">
      <Filter>third_party\gpm</Filter>
    </ClInclude>
    <ClInclude Include="..\engine\third_party\gpm\include\GPM\Random.hpp">
      <Filter>third_party\gpm</Filter>
    </ClInclude>
    <ClInclude Include="..\engine\third_party\gpm\include\GPM\Referential.hpp">
      <Filter>third_party\gpm</Filter>
    </ClInclude>
    <ClInclude Include="..\engine\third_party\gpm\include\GPM\Shape3D\AABB.hpp">
      <Filter>third_party\gpm</Filter>
    </ClInclude>
    <ClInclude Include="..\engine\third_party\gpm\include\GPM\Shape3D\Capsule.hpp">
      <Filter>third_party\gpm</Filter>
    </ClInclude>
    <ClInclude Include="..\engine\third_party\gpm\include\GPM\Shape3D\Cylinder.hpp">
      <Filter>third_party\gpm</Filter>
    </ClInclude>
    <ClInclude Include="..\engine\third_party\gpm\include\GPM\Shape3D\InfiniteCylinder.hpp">
      <Filter>third_party\gpm</Filter>
    </ClInclude>
    <ClInclude Include="..\engine\third_party\gpm\include\GPM\Shape3D\Line.hpp">
      <Filter>third_party\gpm</Filter>
    </ClInclude>
    <ClInclude Include="..\engine\third_party\gpm\include\GPM\Shape3D\OrientedBox.hpp">
      <Filter>third_party\gpm</Filter>
    </ClInclude>
    <ClInclude Include="..\engine\third_party\gpm\include\GPM\Shape3D\Plane.hpp">
      <Filter>third_party\gpm</Filter>
    </ClInclude>
    <ClInclude Include="..\engine\third_party\gpm\include\GPM\Shape3D\Quad.hpp">
      <Filter>third_party\gpm</Filter>
    </ClInclude>
    <ClInclude Include="..\engine\third_party\gpm\include\GPM\Shape3D\Segment.hpp">
      <Filter>third_party\gpm</Filter>
    </ClInclude>
    <ClInclude Include="..\engine\third_party\gpm\include\GPM\Shape3D\Sphere.hpp">
      <Filter>third_party\gpm</Filter>
    </ClInclude>
    <ClInclude Include="..\engine\third_party\gpm\include\GPM\Shape3D\Volume.hpp">
      <Filter>third_party\gpm</Filter>
    </ClInclude>
    <ClInclude Include="..\engine\third_party\gpm\include\GPM\ShapeRelation\Intersection.hpp">
      <Filter>third_party\gpm</Filter>
    </ClInclude>
    <ClInclude Include="..\engine\third_party\gpm\include\GPM\ShapeRelation\SegmentPlane.hpp">
      <Filter>third_party\gpm</Filter>
    </ClInclude>
    <ClInclude Include="..\engine\third_party\gpm\include\GPM\ShapeRelation\SpherePlane.hpp">
      <Filter>third_party\gpm</Filter>
    </ClInclude>
    <ClInclude Include="..\engine\third_party\gpm\include\GPM\Tools.hpp">
      <Filter>third_party\gpm</Filter>
    </ClInclude>
    <ClInclude Include="..\engine\third_party\gpm\include\GPM\Transform.hpp">
      <Filter>third_party\gpm</Filter>
    </ClInclude>
    <ClInclude Include="..\engine\third_party\gpm\include\GPM\types.hpp">
      <Filter>third_party\gpm</Filter>
    </ClInclude>
    <ClInclude Include="..\engine\third_party\gpm\include\GPM\Vector2.hpp">
      <Filter>third_party\gpm</Filter>
    </ClInclude>
    <ClInclude Include="..\engine\third_party\gpm\include\GPM\Vector3.hpp">
      <Filter>third_party\gpm</Filter>
    </ClInclude>
    <ClInclude Include="..\engine\third_party\gpm\include\GPM\Vector4.hpp">
      <Filter>third_party\gpm</Filter>
    </ClInclude>
    <ClInclude Include="..\engine\include\Engine\Resources\ResourcesManagerType.hpp">
      <Filter>Header Files</Filter>
    </ClInclude>
    <ClInclude Include="..\engine\include\Engine\Resources\RenderTexture.hpp">
      <Filter>Header Files</Filter>
    </ClInclude>
    <ClInclude Include="..\engine\include\Engine\Intermediate\BehaviourSystem.hpp">
      <Filter>Header Files</Filter>
    </ClInclude>
    <ClInclude Include="..\engine\include\Engine\Resources\RenderBuffer.hpp">
      <Filter>Header Files</Filter>
    </ClInclude>
    <ClInclude Include="..\engine\include\Engine\Core\Input\Cursor.hpp">
      <Filter>Header Files</Filter>
    </ClInclude>
    <ClInclude Include="..\engine\include\Engine\Core\Input\InputComponent.hpp">
      <Filter>Header Files</Filter>
    </ClInclude>
    <ClInclude Include="..\engine\include\Engine\Core\Input\InputManagerGLFW.hpp">
      <Filter>Header Files</Filter>
    </ClInclude>
  </ItemGroup>
  <ItemGroup>
    <None Include="..\engine\include\Engine\Core\Debug\Log.inl">
      <Filter>Header Files</Filter>
    </None>
    <None Include="..\engine\include\Engine\Core\Rendering\Window\WindowGLFW.inl">
      <Filter>Header Files</Filter>
    </None>
    <None Include="..\engine\include\Engine\Core\TimeSystem\TimeSystem.inl">
      <Filter>Header Files</Filter>
    </None>
    <None Include="..\engine\include\Engine\Core\Tools\Format.inl">
      <Filter>Header Files</Filter>
    </None>
    <None Include="..\engine\include\Engine\Intermediate\Component.inl">
      <Filter>Header Files</Filter>
    </None>
    <None Include="..\engine\include\Engine\Intermediate\DataChunk.inl">
      <Filter>Header Files</Filter>
    </None>
    <None Include="..\engine\include\Engine\Intermediate\GameObject.inl">
      <Filter>Header Files</Filter>
    </None>
    <None Include="..\engine\include\Engine\Resources\Camera.inl">
      <Filter>Header Files</Filter>
    </None>
    <None Include="..\engine\include\Engine\Resources\Light\Light.inl">
      <Filter>Header Files</Filter>
    </None>
    <None Include="..\engine\include\Engine\Resources\Material.inl">
      <Filter>Header Files</Filter>
    </None>
    <None Include="..\engine\include\Engine\Resources\Mesh.inl">
      <Filter>Header Files</Filter>
    </None>
    <None Include="..\engine\include\Engine\Resources\ResourcesManager.inl">
      <Filter>Header Files</Filter>
    </None>
    <None Include="..\engine\include\Engine\Resources\Shader.inl">
      <Filter>Header Files</Filter>
    </None>
    <None Include="..\engine\include\Engine\Resources\Texture.inl">
      <Filter>Header Files</Filter>
    </None>
    <None Include="..\engine\third_party\gpm\include\GPM\Random.inl">
      <Filter>third_party\gpm</Filter>
    </None>
    <None Include="..\engine\third_party\gpm\src\conversion.inl">
      <Filter>third_party\gpm</Filter>
    </None>
    <None Include="..\engine\third_party\gpm\src\Matrix3.inl">
      <Filter>third_party\gpm</Filter>
    </None>
    <None Include="..\engine\third_party\gpm\src\Matrix4.inl">
      <Filter>third_party\gpm</Filter>
    </None>
    <None Include="..\engine\third_party\gpm\src\Quaternion.inl">
      <Filter>third_party\gpm</Filter>
    </None>
    <None Include="..\engine\third_party\gpm\src\Transform.inl">
      <Filter>third_party\gpm</Filter>
    </None>
    <None Include="..\engine\third_party\gpm\src\Vector2.inl">
      <Filter>third_party\gpm</Filter>
    </None>
    <None Include="..\engine\third_party\gpm\src\Vector3.inl">
      <Filter>third_party\gpm</Filter>
    </None>
    <None Include="..\engine\third_party\gpm\src\Vector4.inl">
      <Filter>third_party\gpm</Filter>
    </None>
    <None Include="..\engine\include\Engine\Core\Parsers\ParserTool.inl">
      <Filter>Header Files</Filter>
    </None>
    <None Include="..\engine\include\Engine\Intermediate\BehaviourComponent.inl">
      <Filter>Header Files</Filter>
    </None>
    <None Include="..\engine\include\Engine\Core\Input\InputManager.inl">
      <Filter>Header Files</Filter>
    </None>
  </ItemGroup>
</Project>