<?xml version="1.0" encoding="utf-8"?>
<Project ToolsVersion="4.0" xmlns="http://schemas.microsoft.com/developer/msbuild/2003">
  <ItemGroup>
    <Filter Include="Header Files">
      <UniqueIdentifier>{93995380-89BD-4b04-88EB-625FBE52EBFB}</UniqueIdentifier>
      <Extensions>h;hh;hpp;hxx;h++;hm;inl;inc;ipp;xsd</Extensions>
    </Filter>
    <Filter Include="Header Files\FireArme">
      <UniqueIdentifier>{773ccffb-4009-4208-b9a9-f3024c3120c2}</UniqueIdentifier>
    </Filter>
    <Filter Include="Resource Files">
      <UniqueIdentifier>{67DA6AB6-F800-4c08-8B7A-83BB121AAD01}</UniqueIdentifier>
      <Extensions>rc;ico;cur;bmp;dlg;rc2;rct;bin;rgs;gif;jpg;jpeg;jpe;resx;tiff;tif;png;wav;mfcribbon-ms</Extensions>
    </Filter>
    <Filter Include="Source Files">
      <UniqueIdentifier>{4FC737F1-C7A5-4376-A066-2A32D752A2FF}</UniqueIdentifier>
      <Extensions>cpp;c;cc;cxx;c++;cppm;ixx;def;odl;idl;hpj;bat;asm;asmx</Extensions>
    </Filter>
  </ItemGroup>
  <ItemGroup>
    <ClInclude Include="include\Firearm\Bullet.hpp">
      <Filter>Header Files\FireArme</Filter>
    </ClInclude>
    <ClInclude Include="include\Firearm\Firearm.hpp">
      <Filter>Header Files\FireArme</Filter>
    </ClInclude>
    <ClInclude Include="include\Firearm\GunMagazine.hpp">
      <Filter>Header Files\FireArme</Filter>
    </ClInclude>
    <ClInclude Include="include\Firearm\PPSH41.hpp">
      <Filter>Header Files\FireArme</Filter>
    </ClInclude>
    <ClInclude Include="include\game.hpp">
      <Filter>Header Files</Filter>
    </ClInclude>
    <ClInclude Include="include\myFpsScript.hpp">
      <Filter>Header Files</Filter>
    </ClInclude>
    <ClInclude Include="include\myFreeFlyScript.hpp">
      <Filter>Header Files</Filter>
    </ClInclude>
    <ClInclude Include="include\myFreeFlyWithCollisionScript.hpp">
      <Filter>Header Files</Filter>
    </ClInclude>
    <ClInclude Include="include\myScript.hpp">
      <Filter>Header Files</Filter>
    </ClInclude>
    <ClInclude Include="include\WorldGenerator.hpp">
      <Filter>Header Files</Filter>
    </ClInclude>
    <ClInclude Include="ShadowMap.hpp">
      <Filter>Header Files</Filter>
    </ClInclude>
  </ItemGroup>
  <ItemGroup>
    <ClCompile Include="src\Bullet.cpp">
      <Filter>Source Files</Filter>
    </ClCompile>
    <ClCompile Include="src\Firearm.cpp">
      <Filter>Source Files</Filter>
    </ClCompile>
    <ClCompile Include="src\game.cpp">
      <Filter>Source Files</Filter>
    </ClCompile>
    <ClCompile Include="src\GunMagazine.cpp">
      <Filter>Source Files</Filter>
    </ClCompile>
    <ClCompile Include="src\myFpsScript.cpp">
      <Filter>Source Files</Filter>
    </ClCompile>
    <ClCompile Include="src\myScript.cpp">
      <Filter>Source Files</Filter>
    </ClCompile>
    <ClCompile Include="src\PPSH41.cpp">
      <Filter>Source Files</Filter>
    </ClCompile>
    <ClCompile Include="src\WorldGenerator.cpp">
      <Filter>Source Files</Filter>
    </ClCompile>
  </ItemGroup>
  <ItemGroup>
    <None Include="Projects.props" />
  </ItemGroup>
</Project>